lockfileVersion: '9.0'

settings:
  autoInstallPeers: true
  excludeLinksFromLockfile: false

importers:

  .:
    dependencies:
      '@tanstack/react-query':
        specifier: ^5.96.1
        version: 5.99.2(react@19.2.5)
      faker:
        specifier: ^5.5.3
        version: 5.5.3

packages:

  '@tanstack/query-core@5.99.2':
    resolution: {integrity: sha512-1HunU0bXVsR1ZJMZbcOPE6VtaBJxsW809RE9xPe4Gz7MlB0GWwQvuTPhMoEmQ/hIzFKJ/DWAuttIe7BOaWx0tA==}

  '@tanstack/react-query@5.99.2':
    resolution: {integrity: sha512-vM91UEe45QUS9ED6OklsVL15i8qKcRqNwpWzPTVWvRPRSEgDudDgHpvyTjcdlwHcrKNa80T+xXYcchT2noPnZA==}
    peerDependencies:
      react: ^18 || ^19

  faker@5.5.3:
    resolution: {integrity: sha512-wLTv2a28wjUyWkbnX7u/ABZBkUkIF2fCd73V6P2oFqEGEktDfzWx4UxrSqtPRw0xPRAcjeAOIiJWqZm3pP4u3g==}

  react@19.2.5:
    resolution: {integrity: sha512-llUJLzz1zTUBrskt2pwZgLq59AemifIftw4aB7JxOqf1HY2FDaGDxgwpAPVzHU1kdWabH7FauP4i1oEeer2WCA==}
    engines: {node: '>=0.10.0'}

snapshots:

  '@tanstack/query-core@5.99.2': {}

  '@tanstack/react-query@5.99.2(react@19.2.5)':
    dependencies:
      '@tanstack/query-core': 5.99.2
      react: 19.2.5

  faker@5.5.3: {}

  react@19.2.5: {}
